
Microsoft Visual Studio Solution File, Format Version 12.00
# Visual Studio Version 16
VisualStudioVersion = 16.0.30114.105
MinimumVisualStudioVersion = 10.0.40219.1
Project("{9A19103F-16F7-4668-BE54-9A1E7A4F7556}") = "CalcEngine", "CalcEngine\CalcEngine.csproj", "{D54C2654-6D3F-4423-8542-B49D4D02CE1A}"
EndProject
Project("{FAE04EC0-301F-11D3-BF4B-00C04F79EFBC}") = "CalcEngineTest", "CalcEngineTest\CalcEngineTest.csproj", "{2DE9DE4C-7353-4427-9383-1D31752DF2A0}"
EndProject
Global
	GlobalSection(SolutionConfigurationPlatforms) = preSolution
		Debug|Any CPU = Debug|Any CPU
		Release|Any CPU = Release|Any CPU
	EndGlobalSection
	GlobalSection(ProjectConfigurationPlatforms) = postSolution
		{D54C2654-6D3F-4423-8542-B49D4D02CE1A}.Debug|Any CPU.ActiveCfg = Debug|Any CPU
		{D54C2654-6D3F-4423-8542-B49D4D02CE1A}.Debug|Any CPU.Build.0 = Debug|Any CPU
		{D54C2654-6D3F-4423-8542-B49D4D02CE1A}.Release|Any CPU.ActiveCfg = Release|Any CPU
		{D54C2654-6D3F-4423-8542-B49D4D02CE1A}.Release|Any CPU.Build.0 = Release|Any CPU
		{2DE9DE4C-7353-4427-9383-1D31752DF2A0}.Debug|Any CPU.ActiveCfg = Debug|Any CPU
		{2DE9DE4C-7353-4427-9383-1D31752DF2A0}.Debug|Any CPU.Build.0 = Debug|Any CPU
		{2DE9DE4C-7353-4427-9383-1D31752DF2A0}.Release|Any CPU.ActiveCfg = Release|Any CPU
		{2DE9DE4C-7353-4427-9383-1D31752DF2A0}.Release|Any CPU.Build.0 = Release|Any CPU
	EndGlobalSection
	GlobalSection(SolutionProperties) = preSolution
		HideSolutionNode = FALSE
	EndGlobalSection
	GlobalSection(ExtensibilityGlobals) = postSolution
		SolutionGuid = {19CEC106-299F-477D-9C84-84BB6071187C}
	EndGlobalSection
EndGlobal
